
Microsoft Visual Studio Solution File, Format Version 12.00
# Visual Studio Version 17
VisualStudioVersion = 17.8.34316.72
MinimumVisualStudioVersion = 10.0.40219.1
Project("{FAE04EC0-301F-11D3-BF4B-00C04F79EFBC}") = "Exercise-6.4", "Exercise-6.4\Exercise-6.4.csproj", "{A7BFB981-930A-4468-B88D-37908D567325}"
EndProject
Global
	GlobalSection(SolutionConfigurationPlatforms) = preSolution
		Debug|Any CPU = Debug|Any CPU
		Release|Any CPU = Release|Any CPU
	EndGlobalSection
	GlobalSection(ProjectConfigurationPlatforms) = postSolution
		{A7BFB981-930A-4468-B88D-37908D567325}.Debug|Any CPU.ActiveCfg = Debug|Any CPU
		{A7BFB981-930A-4468-B88D-37908D567325}.Debug|Any CPU.Build.0 = Debug|Any CPU
		{A7BFB981-930A-4468-B88D-37908D567325}.Release|Any CPU.ActiveCfg = Release|Any CPU
		{A7BFB981-930A-4468-B88D-37908D567325}.Release|Any CPU.Build.0 = Release|Any CPU
	EndGlobalSection
	GlobalSection(SolutionProperties) = preSolution
		HideSolutionNode = FALSE
	EndGlobalSection
	GlobalSection(ExtensibilityGlobals) = postSolution
		SolutionGuid = {8163826D-B518-4867-BCE0-816EB315777E}
	EndGlobalSection
EndGlobal
